# THIS IS AN AUTOGENERATED FILE. DO NOT EDIT THIS FILE DIRECTLY.
assets/1-blue.png:
  development: 2017-01-04T16:30:40-06:00   c3771ea1f1bedfeff5d27b549793707e
assets/1.png:
  development: 2017-01-04T16:30:32-06:00   0aa16dfca563255ec227c5afe1d222d1
assets/2-blue.png:
  development: 2017-01-04T16:31:09-06:00   cb41083d82226ee2c5119dc347f3f1f4
assets/2.png:
  development: 2017-01-04T16:31:16-06:00   db84b9af1d649fe7bf7d69ea9dc82c27
assets/3-blue.png:
  development: 2017-01-04T16:53:38-06:00   5b524a0fe8467484b1c23cc0d08583f4
assets/3.png:
  development: 2017-01-04T16:53:24-06:00   42a6e8ecec17721787fc435e14563693
assets/4-blue.png:
  development: 2017-01-04T16:27:30-06:00   d93afb938881f21c2f826f5a436e7f69
assets/4.png:
  development: 2017-01-04T16:27:47-06:00   d13cef11f9ae9531d1cdfc6d377baa07
assets/BaseMembership.png:
  development: 2016-10-17T16:12:21-05:00   1c0bfeaf79a7f04081f0ddfe63eb143e
assets/CustomContentImage.jpg:
  development: 2016-10-03T16:55:52-05:00   ce0f39b8341722cb83316a740beefc29
assets/LED_PC.png:
  development: 2017-03-09T14:30:00-06:00   c4b0d3752892333968bc6584c230fd98
assets/Logo-fullcolor.png:
  development: 2017-08-17T12:40:22-05:00   43868985f97f05af8e51a9728d63f460
assets/Logo_Final.png:
  development: 2017-09-19T21:30:03-05:00   4b4ffc671b9982c1429e43df264f9eb1
assets/Quiet_Difference.jpg:
  development: 2016-08-22T15:01:55-05:00   df9aa03ab9064de50cdaca70f97b914f
assets/accordian.js.liquid:
  development: 2016-09-16T09:28:46-05:00   1f1c6fba89fabe8e2d2f49200e2b99ff
assets/add_loc-hover.jpg:
  development: 2016-10-05T16:54:10-05:00   28c8ce5de1408cddea87d378977dc184
assets/add_loc.jpg:
  development: 2016-09-30T15:53:14-05:00   2b9e14447da8a8937bf8708d162f7708
assets/ajaxify.js.liquid:
  development: 2016-08-22T15:01:52-05:00   b6ddd1d129a846c9a8e351bf7788b2a1
assets/ajaxify.scss.liquid:
  development: 2016-08-22T15:01:52-05:00   0ed4bb377d7fae0ee725b40c9951ee63
assets/alert_bar.jpg:
  development: 2017-05-26T14:29:31-05:00   b5f4f2ca3222f02d7e76982d3e0fddf7
assets/alert_bar.scss.liquid:
  development: 2017-06-01T11:57:29-05:00   4a3c5da0ea222d77c45e0ae3c2978bde
assets/alert_bar_img:
  development: 2018-05-21T14:27:25-05:00   b5f4f2ca3222f02d7e76982d3e0fddf7
assets/arrow-blue.png:
  development: 2016-10-05T16:12:04-05:00   3835bc91fc87805e20e88659bcfbcf0e
assets/arrow-gray.png:
  development: 2016-10-05T16:12:13-05:00   501485cd834111d7b34b31633adccca5
assets/arrow-left-green.png:
  development: 2016-10-14T14:18:21-05:00   d447963a4b3b3d3a214fa5dabc41190e
assets/arrow-left.png:
  development: 2016-10-14T14:18:17-05:00   348023d87763473035be56bc7460f42d
assets/arrow-right-green.png:
  development: 2016-10-14T14:16:31-05:00   93609cd5a1d6ac782e2c3074ca5fd1cb
assets/arrow-right.png:
  development: 2016-10-14T14:17:41-05:00   60b7b3378514b0031c45564e2627b67f
assets/body.js.liquid:
  development: 2017-10-04T19:51:02-05:00   4bffa135990300a0b68fe67f8364c61a
assets/cards.jpg:
  development: 2016-10-10T16:38:32-05:00   024e6bda0f2e1e93ed372574a02c4f0a
assets/cart-icon.png:
  development: 2016-10-12T16:11:32-05:00   57d218fd56a9aa3d1b8d25439a1788b8
assets/cart.scss.liquid:
  development: 2016-12-20T11:59:18-06:00   3d55ccbb410e716570b9e04629d28b06
assets/checkmark.png:
  development: 2017-02-10T12:52:14-06:00   714f5c2596fba1074c96a73af3c3027e
assets/continue-hover.jpg:
  development: 2016-10-05T16:03:31-05:00   834d12eae0f22d09d06e9e62dbc836a2
assets/continue.jpg:
  development: 2016-09-27T15:52:51-05:00   1f4d5dd729b65affe3acab67f2071360
assets/custom-content.scss.liquid:
  development: 2017-01-07T14:18:26-06:00   e37228d2a285118ffab6970655498ef3
assets/custom_content.js:
  development: 2017-08-25T15:56:01-05:00   c7a158171784cc95eba320f369a32076
assets/download-arrow.png:
  development: 2016-12-12T14:22:01-06:00   2f5ffbd13e67abbc8bfeb0a185366669
assets/download-x-active.png:
  development: 2016-12-12T14:21:46-06:00   761058f1a4cfab14adb0a1ee1b1f74d9
assets/download-x.png:
  development: 2016-12-12T14:11:31-06:00   94ce48a69afad305cb453cf0d86e1392
assets/edit.svg:
  development: 2017-06-02T13:43:29-05:00   ea5ff00753e359ac2f3d96e778b869dc
assets/faq.scss.liquid:
  development: 2016-09-16T10:02:26-05:00   b4db37097907c36f38c14d7417b33f85
assets/fastclick.min.js:
  development: 2016-08-22T15:01:52-05:00   4c68290ccc4d503561895dff0821621f
assets/favicon.png:
  development: 2016-10-03T14:15:55-05:00   b7283a86737e79d000dbad113da55db1
assets/first_aid_kit.png:
  development: 2016-10-04T14:44:51-05:00   47304f8d3e4f83d68f902e3eff66aefe
assets/footerbg.jpg:
  development: 2016-12-13T11:47:57-06:00   43547e14272dfae54443388140d758de
assets/footertype.png:
  development: 2016-12-13T11:57:06-06:00   84521c078bcf43226ff290fa46bf9deb
assets/gift-card.scss.liquid:
  development: 2016-08-22T15:01:53-05:00   d002007c6ca2572cffd492ca5e0a72dc
assets/handlebars.min.js:
  development: 2016-08-22T15:01:53-05:00   b3c11508a224ee83f86e2fc6491e9751
assets/ico-select.svg.liquid:
  development: 2016-08-22T15:01:53-05:00   c74a0fed2a628d11ab7ec2363d49b230
assets/icons.eot:
  development: 2016-08-22T15:01:53-05:00   d825b446dbab4c3ca306a56fd2d96073
assets/icons.json:
  development: 2016-08-22T15:01:53-05:00   d07680b4251afec0483bcdbfbeb52dd8
assets/icons.svg:
  development: 2016-08-22T15:01:53-05:00   44964252c632e13645f42fd67117652a
assets/icons.ttf:
  development: 2016-08-22T15:01:53-05:00   05bd5205392605e8356660d470511e96
assets/icons.woff:
  development: 2016-08-22T15:01:53-05:00   6d04c3cad59afda0367e1bfc57fc9ec2
assets/illo1.png:
  development: 2016-12-09T10:26:48-06:00   19fc6548869bf612010a0b17554cfcda
assets/illo2.png:
  development: 2016-12-09T10:26:57-06:00   3ba02b4f17048ad2e7286f2322e88b7c
assets/illo3.png:
  development: 2016-12-09T10:27:07-06:00   09b951b001fcaf1519de44f57cdb94f8
assets/illo4.png:
  development: 2016-12-09T10:27:01-06:00   a96476a9d7f8faaa6c8283dacb042982
assets/index.scss.liquid:
  development: 2017-07-14T13:39:59-05:00   8249fcd8fb3c480c2ada8ca717751221
assets/jquery.flexslider.min.js:
  development: 2016-08-22T15:01:54-05:00   9ec3c315b67f434aabc4da58eabc6c3a
assets/jquery.zoom.min.js:
  development: 2016-08-22T15:01:54-05:00   198ad155033987c047ca3a20d70ef76c
assets/library_icon.png:
  development: 2017-08-11T12:21:49-05:00   48bb21af88fb02441e9dbc1118376d36
assets/load.gif:
  development: 2017-01-10T15:14:56-06:00   582c73ade8c25d4d2dc5b736e8297a89
assets/logo-white.png:
  development: 2017-09-19T21:40:41-05:00   71e4d93ebdb2738ee633883aac674222
assets/magnific-popup.min.js:
  development: 2016-08-22T15:01:54-05:00   f582b5a67f5dbfb2b25e0a1ea8cbb080
assets/member_jpg.jpg:
  development: 2016-09-23T15:38:16-05:00   e1b2274d2a10dce4e64d94155181bb18
assets/membership-plans.js.liquid:
  development: 2017-08-31T15:25:42-05:00   5a6402629d76cf303df9d9d85e8d8e69
assets/membership-plans.scss.liquid:
  development: 2017-09-27T15:35:30-05:00   15fabaf5792deddc2c74add2e7398521
assets/membership-plans2.scss.liquid:
  development: 2017-08-16T14:06:17-05:00   5587ed7bfd6c7fbc1cd5162626bf1328
assets/modernizr.min.js:
  development: 2016-08-22T15:01:54-05:00   e8a7c9329f429b2b271e31c540e61075
assets/montserrat-bold.ttf:
  development: 2016-08-22T15:01:54-05:00   d3085f686df272f9e1a267cc69b2d24f
assets/montserrat-regular.ttf:
  development: 2016-08-22T15:01:54-05:00   07689d4eaaa3d530d58826b5d7f84735
assets/password-page-background.jpg:
  development: 2016-08-22T15:01:54-05:00   4d5821272f875e5c11dd3a8c8e1d6133
assets/plus.svg:
  development: 2017-04-11T15:12:24-05:00   88cda9f4c76238957e690eccf29d67a2
assets/presto.png:
  development: 2017-08-11T14:59:32-05:00   1f5d69943ad56f7719405050b7a2377c
assets/product.js.liquid:
  development: 2017-04-20T18:00:47-05:00   494597d927d784e745df459f5718ebce
assets/quiet-difference.jpg:
  development: 2016-08-22T15:01:55-05:00   4e49a6cb74d929dbe9ff4ce62bd3ea47
assets/respond-proxy.html:
  development: 2016-08-22T15:01:55-05:00   75002d74a330bff6bf069284da503b4c
assets/respond.min.js:
  development: 2016-08-22T15:01:55-05:00   a2684e9b8fa50d6d11c56a9ada068528
assets/rewards.scss.liquid:
  development: 2017-04-13T13:55:25-05:00   0001d2b64dff67cff849e7e5895490cf
assets/sam_referral.js:
  development: 2016-08-22T15:01:55-05:00   46a9c115a8747399fd43eb042c4969d3
assets/slide_1.jpg:
  development: 2018-03-19T09:13:48-05:00   2e8f30aa8dca0a7884ea26b7876e3c53
assets/slide_2.jpg:
  development: 2016-12-20T10:48:03-06:00   db463cfe969301203af1b5a8c2067f86
assets/slide_3.jpg:
  development: 2016-11-21T15:08:30-06:00   ecce7d065db03c0f4ff8fa970002c7d0
assets/slide_4.jpg:
  development: 2017-12-26T09:50:07-06:00   0b193128dbf58d083b32bd1a7d467814
assets/slide_5.jpg:
  development: 2016-11-21T15:08:52-06:00   e2a9cbb8be9d227f6fd36a01fb90ab4e
assets/slide_6.jpg:
  development: 2016-11-21T15:08:58-06:00   582192511d89583873eed978c57391f3
assets/slide_7.jpg:
  development: 2016-12-12T13:49:34-06:00   af71b7ecd179983ad0060d0c2a3d2747
assets/slide_8.jpg:
  development: 2016-12-12T13:49:34-06:00   e2a9cbb8be9d227f6fd36a01fb90ab4e
assets/slide_9.jpg:
  development: 2016-12-12T13:49:35-06:00   9fd3cc8fd2a5d60627efec63c1c5dfe4
assets/slide_10.jpg:
  development: 2017-04-19T14:35:20-05:00   acd72043d88118638c35791aa363d292
assets/slider.js.liquid:
  development: 2017-10-04T19:51:23-05:00   6a7187214510e7bee4c8a8604d87b34a
assets/social-buttons.js.liquid:
  development: 2016-08-22T15:01:56-05:00   15cce5999e608b391f5ec852cd957a51
assets/submission.scss.liquid:
  development: 2017-02-10T15:05:01-06:00   e2bec3efe4834e50c5b4759aeecd2510
assets/theme.js.liquid:
  development: 2016-08-26T13:13:00-05:00   cc2549bc2dd284d89d721215b1c72c39
assets/theme.scss.liquid:
  development: 2017-10-04T19:38:14-05:00   202f64acf268cbd088839327b026cf3a
assets/timber.js.liquid:
  development: 2016-08-22T15:01:57-05:00   78150995a5ff680ce388e18292fadaf7
assets/timber.scss.liquid:
  development: 2017-01-04T13:25:06-06:00   6ecd8e4c5826fc86b6e24fc904680394
assets/user.svg:
  development: 2017-04-07T15:44:20-05:00   96d74b8d0bdd19f11a3f942795cbf4a4
assets/welcome.scss.liquid:
  development: 2017-02-10T15:05:14-06:00   8d800f8b74fff5774f3d6e5e78272372
assets/white-logo.png:
  development: 2017-08-16T14:58:12-05:00   5c104a62e31fdc14a449fc2ff090b58d
assets/x-gray.png:
  development: 2016-10-14T14:09:40-05:00   181b976be274e2e5d358fa117c93ea40
assets/x-red.png:
  development: 2016-10-14T14:08:46-05:00   01552941bc0df82343b50369674f5e96
config/settings_data.json:
  development: 2018-05-21T14:28:33-05:00   0c5820711c43158dbea2b09dfe0f35c8
config/settings_schema.json:
  development: 2017-09-13T08:45:05-05:00   ce777b247727dd3af13954663c18358b
layout/theme.liquid:
  development: 2018-05-23T15:36:00-05:00   8833ba22ee451329a395162ac8ac888f
locales/de.json:
  development: 2016-08-22T15:01:59-05:00   370f20df42bde2e9d36d4ab8a07cd2d6
locales/en.default.json:
  development: 2016-10-12T16:31:24-05:00   37ae0ffc7b1a46a6848f359432e35adb
locales/es.json:
  development: 2016-08-22T15:01:59-05:00   483e9ea5d6a95f47eb6b1881614a747f
locales/fr.json:
  development: 2016-08-22T15:01:59-05:00   13164dcaa03bb1c003c4825fc6275447
locales/pt-BR.json:
  development: 2016-08-22T15:01:59-05:00   c906aeac7e063c4cbfd2242530576fb2
locales/pt-PT.json:
  development: 2016-08-22T15:01:59-05:00   e47f27ec301b6732a3ed4292a7544708
snippets/Custom_Content_Form.liquid:
  development: 2016-09-14T16:18:11-05:00   ff4de2bdb22b45df2122a0e7a3dcd918
snippets/ajax-cart-template.liquid:
  development: 2016-08-22T15:01:57-05:00   6f9b76acc5c641ecca300adfd88055b7
snippets/alert_bar.liquid:
  development: 2017-06-01T12:10:25-05:00   1240dc38eecfbc55c38aafab9d11a366
snippets/breadcrumb.liquid:
  development: 2016-08-22T15:01:57-05:00   462b1afe9f9edb6772aa0c810c24fc20
snippets/charge-rabbit.no-membership.liquid:
  development: 2016-08-22T15:01:57-05:00   f6d75328aee8efce2a454de76ec12c60
snippets/collection-grid-item.liquid:
  development: 2016-10-04T14:38:55-05:00   8f69de4e5e9d3b199f1f084f67def801
snippets/collection-sorting.liquid:
  development: 2016-08-22T15:01:57-05:00   eed385b6d85b44c22ed5c8a765ee00ba
snippets/collection-tags.liquid:
  development: 2016-10-05T17:14:21-05:00   22f838ff4fb315aba51889e39c702444
snippets/collection-views.liquid:
  development: 2016-08-22T15:01:57-05:00   c4e64e8652cdcd8e91bb852f7f76e689
snippets/comment.liquid:
  development: 2016-08-22T15:01:57-05:00   35e507f92f779b5a74b68d9699051d53
snippets/featured-collections.liquid:
  development: 2016-08-26T14:22:59-05:00   da903fed99d929a47578396b7855c498
snippets/featured-products.liquid:
  development: 2016-08-22T15:01:57-05:00   bbc84315a3410917536fc27456d7c5c7
snippets/google-fonts.liquid:
  development: 2016-08-22T15:01:57-05:00   b2eb5406659b90f7fe6b9b4bca805f61
snippets/header-bar.liquid:
  development: 2017-02-16T17:52:02-06:00   117e2f1857e43a63d7c491f3ba15b24a
snippets/home-content.liquid:
  development: 2016-08-22T15:01:57-05:00   64325233bb540c7325d37a7493add263
snippets/home-page.liquid:
  development: 2016-11-21T14:26:55-06:00
snippets/index.liquid:
  development: 2017-04-20T15:33:18-05:00   29a8a4b016d991af1ed6e0d1cd5838e4
snippets/json_cleanup.liquid:
  development: 2017-08-28T16:49:35-05:00   9748aa5dfade1e32178829e29d8e80d6
snippets/mobile-nav-icons.liquid:
  development: 2016-08-22T15:01:57-05:00   e82516c8c481b1dbe42d9407302931bf
snippets/mobile-nav-partial.liquid:
  development: 2016-08-22T15:01:57-05:00   c6392939de899579ed13c7846612e072
snippets/mobile-nav.liquid:
  development: 2016-09-20T15:53:01-05:00   f8a97f5d04a42dbbcd8101f8d710d927
snippets/newsletter-form.liquid:
  development: 2016-08-22T15:01:57-05:00   18d412e330325b0f4f2abb0714735be4
snippets/oldIE-js.liquid:
  development: 2016-08-22T15:01:58-05:00   3b77bb1e396a1fe8154565277aea0db3
snippets/pagination-custom.liquid:
  development: 2016-08-22T15:01:58-05:00   081d2f613bfdb6dbc5c01e98dcf38118
snippets/product-grid-item.liquid:
  development: 2016-08-22T15:01:58-05:00   8a715adaf3f0fd4d7d02b057fa22b2e2
snippets/product-list-item.liquid:
  development: 2016-08-22T15:01:58-05:00   27295d2f260116dbdae2fc912c53152d
snippets/related-products.liquid:
  development: 2016-08-22T15:01:58-05:00   e3d1cc708ec5679c99f035017d4a5c68
snippets/respond.liquid:
  development: 2016-08-22T15:01:58-05:00   296108cb94e6cb82d515ebb93308ef68
snippets/sam_account.liquid:
  development: 2016-08-22T15:01:58-05:00   cec544002235da541c39588d00351aa5
snippets/sam_cart_benefits.liquid:
  development: 2016-08-22T15:01:58-05:00   e87fca2077eb8d82091a7a615719adf6
snippets/sam_cart_discount.liquid:
  development: 2016-08-22T15:01:58-05:00   e51f327dba2a47aef5c82807aba3ffe0
snippets/search-bar.liquid:
  development: 2016-08-26T13:11:45-05:00   85591c48f5a16df1a496c87c2d80dd9d
snippets/search-result-grid.liquid:
  development: 2016-08-22T15:01:58-05:00   3bf5e0591125e76d0cf60e2451228398
snippets/search-result.liquid:
  development: 2016-08-22T15:01:58-05:00   59245b16d749be774182f28e4145cf88
snippets/sidebar-partial.liquid:
  development: 2016-08-22T15:01:58-05:00   3ade875b74eb60d035a5b5f1d35d35be
snippets/sidebar.liquid:
  development: 2016-08-22T15:01:58-05:00   dc94547f8b70b80669a4b6b343f4c433
snippets/site-nav.liquid:
  development: 2016-09-20T15:28:29-05:00   6d319f83be833a57390b67ae8f86db52
snippets/slider-2.liquid:
  development: 2016-12-07T15:34:50-06:00   b45ccd57e2ab46a41438e5f061d26ae6
snippets/slider.liquid:
  development: 2017-10-04T19:35:31-05:00   cfa78ee0b10216023686e9dae14c2e44
snippets/social-meta-tags.liquid:
  development: 2016-08-22T15:01:58-05:00   64ed96f8b33b14637e9488a0f94672f6
snippets/social-sharing.liquid:
  development: 2016-08-22T15:01:58-05:00   79fd3b0978f58df5d669dd69095117a7
snippets/splash_page.liquid:
  development: 2017-09-13T11:12:07-05:00   0eb2bd30a4972aeb650d19a964994665
snippets/svg-definitions.liquid:
  development: 2016-08-22T15:01:58-05:00   fe4fbc64d534e355fd8653de4ebac79a
snippets/tags-article.liquid:
  development: 2016-08-22T15:01:58-05:00   20bac49751d1b57826250dd05fdba854
templates/404.liquid:
  development: 2016-08-22T15:01:58-05:00   a345bd048463d3bb245873ed26a41a98
templates/article.liquid:
  development: 2016-08-22T15:01:58-05:00   55fbddea8cd49a95523a0c8761234cb8
templates/blog.liquid:
  development: 2016-08-22T15:01:58-05:00   43b5be9f89d7d925bdd708de6944af6f
templates/cart.cart2.liquid:
  development: 2017-12-14T16:46:08-06:00   5bbf6fe4c828e9593ea5856c6483ad86
templates/cart.liquid:
  development: 2017-09-27T18:42:14-05:00   1c4454ba270a2a9cbb9788824a3bfe45
templates/collection.liquid:
  development: 2016-10-05T17:11:33-05:00   d035bb5852dc6a71e7c82252086ad711
templates/collection.list.liquid:
  development: 2016-10-05T17:09:51-05:00   30c4eb66f5f17ec3a3bdd74c643eec77
templates/customers/account.liquid:
  development: 2017-09-14T15:42:03-05:00   c7d1792f35004949385a8b0dc2778077
templates/customers/activate_account.liquid:
  development: 2016-08-22T15:01:58-05:00   691408fe18a140384e5050356b50e3cc
templates/customers/addresses.liquid:
  development: 2016-08-22T15:01:58-05:00   0bf19819ff1f8ceda983dbe46363dd5a
templates/customers/login.liquid:
  development: 2017-07-14T13:38:23-05:00   a11103408f328029832ee2b3e43a3a93
templates/customers/order.liquid:
  development: 2016-08-22T15:01:58-05:00   d5ffeaaf7a6ac69a49d410928c89be40
templates/customers/register.liquid:
  development: 2017-01-10T14:30:04-06:00   37be39eab6528294d5fc6e5b9ba73e44
templates/customers/reset_password.liquid:
  development: 2016-08-22T15:01:59-05:00   9e0bff88e275e5bd5919c0044023927e
templates/gift_card.liquid:
  development: 2016-08-22T15:01:59-05:00   9500e173905fea178aa2571faa3afad4
templates/index.alternate.liquid:
  development: 2016-12-07T15:11:24-06:00   68b329da9893e34099c7d8ad5cb9c940
templates/index.liquid:
  development: 2016-12-15T10:10:19-06:00   68b329da9893e34099c7d8ad5cb9c940
templates/list-collections.liquid:
  development: 2017-06-01T14:03:30-05:00   ee08b5184d75a05245b59a03acd27a63
templates/page.contact.liquid:
  development: 2016-08-22T15:01:59-05:00   b85669a905a1fb7e72e370fa6e5b5216
templates/page.custom-content.liquid:
  development: 2017-08-25T15:31:36-05:00   3739ffa4947f1e740fef689a6bfcee88
templates/page.faq.liquid:
  development: 2017-07-14T13:41:12-05:00   31ec8d5ad952905d201ef67e365d36ef
templates/page.liquid:
  development: 2016-08-22T15:01:59-05:00   3be11c50f34b66e8907a50074ea8b185
templates/page.plans.liquid:
  development: 2017-09-27T15:37:07-05:00   617bb1df931033d480aa20c43e36f7c0
templates/page.plans2.liquid:
  development: 2017-08-16T13:55:43-05:00   a32c8a8a603a683eaa117fb1f259bce1
templates/page.privacy.liquid:
  development: 2017-10-16T15:09:11-05:00   a2949e878ac23ba4751bc8f7d4d9206e
templates/page.rewards.liquid:
  development: 2017-09-27T12:53:12-05:00   778565479db5e7c6e57edce63e1cfa90
templates/page.submission.liquid:
  development: 2017-08-23T12:06:52-05:00   399ce0dafb0e3ad371d8bcaadcaf2427
templates/page.welcome.liquid:
  development: 2017-02-16T16:03:49-06:00   ef7f9b49794ef27e756b0d4f6266359f
templates/password.liquid:
  development: 2016-08-22T15:01:59-05:00   edc0505623978321f71c8592591fb83d
templates/product.charge-rabbit.liquid:
  development: 2016-08-22T15:01:59-05:00   1950736fc7286e121bf70c6f23f8edfd
templates/product.liquid:
  development: 2017-09-28T15:30:55-05:00   bdabb22e1ec3ef6a0636a49387c37b09
templates/search.liquid:
  development: 2016-08-22T15:01:59-05:00   0b3c69d969595ed8cc0315e27b847cc6
templates/search.livesearch.liquid:
  development: 2016-08-22T15:01:59-05:00   b870553f3e40004b96731bc0ad5684dc
